
Microsoft Visual Studio Solution File, Format Version 12.00
# Visual Studio Version 17
VisualStudioVersion = 17.1.32328.378
MinimumVisualStudioVersion = 10.0.40219.1
Project("{00D1A9C2-B5F0-4AF3-8072-F6C62B433612}") = "MentoringProgramSQL", "MentoringProgramSQL\MentoringProgramSQL.sqlproj", "{4D01D218-3FEB-470E-8DBB-A64FAC384469}"
EndProject
Global
	GlobalSection(SolutionConfigurationPlatforms) = preSolution
		Debug|Any CPU = Debug|Any CPU
		Release|Any CPU = Release|Any CPU
	EndGlobalSection
	GlobalSection(ProjectConfigurationPlatforms) = postSolution
		{4D01D218-3FEB-470E-8DBB-A64FAC384469}.Debug|Any CPU.ActiveCfg = Debug|Any CPU
		{4D01D218-3FEB-470E-8DBB-A64FAC384469}.Debug|Any CPU.Build.0 = Debug|Any CPU
		{4D01D218-3FEB-470E-8DBB-A64FAC384469}.Debug|Any CPU.Deploy.0 = Debug|Any CPU
		{4D01D218-3FEB-470E-8DBB-A64FAC384469}.Release|Any CPU.ActiveCfg = Release|Any CPU
		{4D01D218-3FEB-470E-8DBB-A64FAC384469}.Release|Any CPU.Build.0 = Release|Any CPU
		{4D01D218-3FEB-470E-8DBB-A64FAC384469}.Release|Any CPU.Deploy.0 = Release|Any CPU
	EndGlobalSection
	GlobalSection(SolutionProperties) = preSolution
		HideSolutionNode = FALSE
	EndGlobalSection
	GlobalSection(ExtensibilityGlobals) = postSolution
		SolutionGuid = {68792D63-DBC6-4A24-BB1A-9165393A7726}
	EndGlobalSection
EndGlobal
